// !$*UTF8*$!
{
	archiveVersion = 1;
	classes = {
	};
	objectVersion = 55;
	objects = {

/* Begin PBXBuildFile section */
		8FB7F399271E626100A3F99C /* buttonTest03App.swift in Sources */ = {isa = PBXBuildFile; fileRef = 8FB7F398271E626100A3F99C /* buttonTest03App.swift */; };
		8FB7F39B271E626100A3F99C /* ContentView.swift in Sources */ = {isa = PBXBuildFile; fileRef = 8FB7F39A271E626100A3F99C /* ContentView.swift */; };
		8FB7F39D271E626400A3F99C /* Assets.xcassets in Resources */ = {isa = PBXBuildFile; fileRef = 8FB7F39C271E626400A3F99C /* Assets.xcassets */; };
		8FB7F3A0271E626400A3F99C /* Preview Assets.xcassets in Resources */ = {isa = PBXBuildFile; fileRef = 8FB7F39F271E626400A3F99C /* Preview Assets.xcassets */; };
		8FB7F3AA271E626400A3F99C /* buttonTest03Tests.swift in Sources */ = {isa = PBXBuildFile; fileRef = 8FB7F3A9271E626400A3F99C /* buttonTest03Tests.swift */; };
		8FB7F3B4271E626400A3F99C /* buttonTest03UITests.swift in Sources */ = {isa = PBXBuildFile; fileRef = 8FB7F3B3271E626400A3F99C /* buttonTest03UITests.swift */; };
		8FB7F3B6271E626400A3F99C /* buttonTest03UITestsLaunchTests.swift in Sources */ = {isa = PBXBuildFile; fileRef = 8FB7F3B5271E626400A3F99C /* buttonTest03UITestsLaunchTests.swift */; };
/* End PBXBuildFile section */

/* Begin PBXContainerItemProxy section */
		8FB7F3A6271E626400A3F99C /* PBXContainerItemProxy */ = {
			isa = PBXContainerItemProxy;
			containerPortal = 8FB7F38D271E626100A3F99C /* Project object */;
			proxyType = 1;
			remoteGlobalIDString = 8FB7F394271E626100A3F99C;
			remoteInfo = buttonTest03;
		};
		8FB7F3B0271E626400A3F99C /* PBXContainerItemProxy */ = {
			isa = PBXContainerItemProxy;
			containerPortal = 8FB7F38D271E626100A3F99C /* Project object */;
			proxyType = 1;
			remoteGlobalIDString = 8FB7F394271E626100A3F99C;
			remoteInfo = buttonTest03;
		};
/* End PBXContainerItemProxy section */

/* Begin PBXFileReference section */
		8FB7F395271E626100A3F99C /* buttonTest03.app */ = {isa = PBXFileReference; explicitFileType = wrapper.application; includeInIndex = 0; path = buttonTest03.app; sourceTree = BUILT_PRODUCTS_DIR; };
		8FB7F398271E626100A3F99C /* buttonTest03App.swift */ = {isa = PBXFileReference; lastKnownFileType = sourcecode.swift; path = buttonTest03App.swift; sourceTree = "<group>"; };
		8FB7F39A271E626100A3F99C /* ContentView.swift */ = {isa = PBXFileReference; lastKnownFileType = sourcecode.swift; path = ContentView.swift; sourceTree = "<group>"; };
		8FB7F39C271E626400A3F99C /* Assets.xcassets */ = {isa = PBXFileReference; lastKnownFileType = folder.assetcatalog; path = Assets.xcassets; sourceTree = "<group>"; };
		8FB7F39F271E626400A3F99C /* Preview Assets.xcassets */ = {isa = PBXFileReference; lastKnownFileType = folder.assetcatalog; path = "Preview Assets.xcassets"; sourceTree = "<group>"; };
		8FB7F3A5271E626400A3F99C /* buttonTest03Tests.xctest */ = {isa = PBXFileReference; explicitFileType = wrapper.cfbundle; includeInIndex = 0; path = buttonTest03Tests.xctest; sourceTree = BUILT_PRODUCTS_DIR; };
		8FB7F3A9271E626400A3F99C /* buttonTest03Tests.swift */ = {isa = PBXFileReference; lastKnownFileType = sourcecode.swift; path = buttonTest03Tests.swift; sourceTree = "<group>"; };
		8FB7F3AF271E626400A3F99C /* buttonTest03UITests.xctest */ = {isa = PBXFileReference; explicitFileType = wrapper.cfbundle; includeInIndex = 0; path = buttonTest03UITests.xctest; sourceTree = BUILT_PRODUCTS_DIR; };
		8FB7F3B3271E626400A3F99C /* buttonTest03UITests.swift */ = {isa = PBXFileReference; lastKnownFileType = sourcecode.swift; path = buttonTest03UITests.swift; sourceTree = "<group>"; };
		8FB7F3B5271E626400A3F99C /* buttonTest03UITestsLaunchTests.swift */ = {isa = PBXFileReference; lastKnownFileType = sourcecode.swift; path = buttonTest03UITestsLaunchTests.swift; sourceTree = "<group>"; };
/* End PBXFileReference section */

/* Begin PBXFrameworksBuildPhase section */
		8FB7F392271E626100A3F99C /* Frameworks */ = {
			isa = PBXFrameworksBuildPhase;
			buildActionMask = 2147483647;
			files = (
			);
			runOnlyForDeploymentPostprocessing = 0;
		};
		8FB7F3A2271E626400A3F99C /* Frameworks */ = {
			isa = PBXFrameworksBuildPhase;
			buildActionMask = 2147483647;
			files = (
			);
			runOnlyForDeploymentPostprocessing = 0;
		};
		8FB7F3AC271E626400A3F99C /* Frameworks */ = {
			isa = PBXFrameworksBuildPhase;
			buildActionMask = 2147483647;
			files = (
			);
			runOnlyForDeploymentPostprocessing = 0;
		};
/* End PBXFrameworksBuildPhase section */

/* Begin PBXGroup section */
		8FB7F38C271E626100A3F99C = {
			isa = PBXGroup;
			children = (
				8FB7F397271E626100A3F99C /* buttonTest03 */,
				8FB7F3A8271E626400A3F99C /* buttonTest03Tests */,
				8FB7F3B2271E626400A3F99C /* buttonTest03UITests */,
				8FB7F396271E626100A3F99C /* Products */,
			);
			sourceTree = "<group>";
		};
		8FB7F396271E626100A3F99C /* Products */ = {
			isa = PBXGroup;
			children = (
				8FB7F395271E626100A3F99C /* buttonTest03.app */,
				8FB7F3A5271E626400A3F99C /* buttonTest03Tests.xctest */,
				8FB7F3AF271E626400A3F99C /* buttonTest03UITests.xctest */,
			);
			name = Products;
			sourceTree = "<group>";
		};
		8FB7F397271E626100A3F99C /* buttonTest03 */ = {
			isa = PBXGroup;
			children = (
				8FB7F398271E626100A3F99C /* buttonTest03App.swift */,
				8FB7F39A271E626100A3F99C /* ContentView.swift */,
				8FB7F39C271E626400A3F99C /* Assets.xcassets */,
				8FB7F39E271E626400A3F99C /* Preview Content */,
			);
			path = buttonTest03;
			sourceTree = "<group>";
		};
		8FB7F39E271E626400A3F99C /* Preview Content */ = {
			isa = PBXGroup;
			children = (
				8FB7F39F271E626400A3F99C /* Preview Assets.xcassets */,
			);
			path = "Preview Content";
			sourceTree = "<group>";
		};
		8FB7F3A8271E626400A3F99C /* buttonTest03Tests */ = {
			isa = PBXGroup;
			children = (
				8FB7F3A9271E626400A3F99C /* buttonTest03Tests.swift */,
			);
			path = buttonTest03Tests;
			sourceTree = "<group>";
		};
		8FB7F3B2271E626400A3F99C /* buttonTest03UITests */ = {
			isa = PBXGroup;
			children = (
				8FB7F3B3271E626400A3F99C /* buttonTest03UITests.swift */,
				8FB7F3B5271E626400A3F99C /* buttonTest03UITestsLaunchTests.swift */,
			);
			path = buttonTest03UITests;
			sourceTree = "<group>";
		};
/* End PBXGroup section */

/* Begin PBXNativeTarget section */
		8FB7F394271E626100A3F99C /* buttonTest03 */ = {
			isa = PBXNativeTarget;
			buildConfigurationList = 8FB7F3B9271E626400A3F99C /* Build configuration list for PBXNativeTarget "buttonTest03" */;
			buildPhases = (
				8FB7F391271E626100A3F99C /* Sources */,
				8FB7F392271E626100A3F99C /* Frameworks */,
				8FB7F393271E626100A3F99C /* Resources */,
			);
			buildRules = (
			);
			dependencies = (
			);
			name = buttonTest03;
			productName = buttonTest03;
			productReference = 8FB7F395271E626100A3F99C /* buttonTest03.app */;
			productType = "com.apple.product-type.application";
		};
		8FB7F3A4271E626400A3F99C /* buttonTest03Tests */ = {
			isa = PBXNativeTarget;
			buildConfigurationList = 8FB7F3BC271E626400A3F99C /* Build configuration list for PBXNativeTarget "buttonTest03Tests" */;
			buildPhases = (
				8FB7F3A1271E626400A3F99C /* Sources */,
				8FB7F3A2271E626400A3F99C /* Frameworks */,
				8FB7F3A3271E626400A3F99C /* Resources */,
			);
			buildRules = (
			);
			dependencies = (
				8FB7F3A7271E626400A3F99C /* PBXTargetDependency */,
			);
			name = buttonTest03Tests;
			productName = buttonTest03Tests;
			productReference = 8FB7F3A5271E626400A3F99C /* buttonTest03Tests.xctest */;
			productType = "com.apple.product-type.bundle.unit-test";
		};
		8FB7F3AE271E626400A3F99C /* buttonTest03UITests */ = {
			isa = PBXNativeTarget;
			buildConfigurationList = 8FB7F3BF271E626400A3F99C /* Build configuration list for PBXNativeTarget "buttonTest03UITests" */;
			buildPhases = (
				8FB7F3AB271E626400A3F99C /* Sources */,
				8FB7F3AC271E626400A3F99C /* Frameworks */,
				8FB7F3AD271E626400A3F99C /* Resources */,
			);
			buildRules = (
			);
			dependencies = (
				8FB7F3B1271E626400A3F99C /* PBXTargetDependency */,
			);
			name = buttonTest03UITests;
			productName = buttonTest03UITests;
			productReference = 8FB7F3AF271E626400A3F99C /* buttonTest03UITests.xctest */;
			productType = "com.apple.product-type.bundle.ui-testing";
		};
/* End PBXNativeTarget section */

/* Begin PBXProject section */
		8FB7F38D271E626100A3F99C /* Project object */ = {
			isa = PBXProject;
			attributes = {
				BuildIndependentTargetsInParallel = 1;
				LastSwiftUpdateCheck = 1300;
				LastUpgradeCheck = 1300;
				TargetAttributes = {
					8FB7F394271E626100A3F99C = {
						CreatedOnToolsVersion = 13.0;
					};
					8FB7F3A4271E626400A3F99C = {
						CreatedOnToolsVersion = 13.0;
						TestTargetID = 8FB7F394271E626100A3F99C;
					};
					8FB7F3AE271E626400A3F99C = {
						CreatedOnToolsVersion = 13.0;
						TestTargetID = 8FB7F394271E626100A3F99C;
					};
				};
			};
			buildConfigurationList = 8FB7F390271E626100A3F99C /* Build configuration list for PBXProject "buttonTest03" */;
			compatibilityVersion = "Xcode 13.0";
			developmentRegion = en;
			hasScannedForEncodings = 0;
			knownRegions = (
				en,
				Base,
			);
			mainGroup = 8FB7F38C271E626100A3F99C;
			productRefGroup = 8FB7F396271E626100A3F99C /* Products */;
			projectDirPath = "";
			projectRoot = "";
			targets = (
				8FB7F394271E626100A3F99C /* buttonTest03 */,
				8FB7F3A4271E626400A3F99C /* buttonTest03Tests */,
				8FB7F3AE271E626400A3F99C /* buttonTest03UITests */,
			);
		};
/* End PBXProject section */

/* Begin PBXResourcesBuildPhase section */
		8FB7F393271E626100A3F99C /* Resources */ = {
			isa = PBXResourcesBuildPhase;
			buildActionMask = 2147483647;
			files = (
				8FB7F3A0271E626400A3F99C /* Preview Assets.xcassets in Resources */,
				8FB7F39D271E626400A3F99C /* Assets.xcassets in Resources */,
			);
			runOnlyForDeploymentPostprocessing = 0;
		};
		8FB7F3A3271E626400A3F99C /* Resources */ = {
			isa = PBXResourcesBuildPhase;
			buildActionMask = 2147483647;
			files = (
			);
			runOnlyForDeploymentPostprocessing = 0;
		};
		8FB7F3AD271E626400A3F99C /* Resources */ = {
			isa = PBXResourcesBuildPhase;
			buildActionMask = 2147483647;
			files = (
			);
			runOnlyForDeploymentPostprocessing = 0;
		};
/* End PBXResourcesBuildPhase section */

/* Begin PBXSourcesBuildPhase section */
		8FB7F391271E626100A3F99C /* Sources */ = {
			isa = PBXSourcesBuildPhase;
			buildActionMask = 2147483647;
			files = (
				8FB7F39B271E626100A3F99C /* ContentView.swift in Sources */,
				8FB7F399271E626100A3F99C /* buttonTest03App.swift in Sources */,
			);
			runOnlyForDeploymentPostprocessing = 0;
		};
		8FB7F3A1271E626400A3F99C /* Sources */ = {
			isa = PBXSourcesBuildPhase;
			buildActionMask = 2147483647;
			files = (
				8FB7F3AA271E626400A3F99C /* buttonTest03Tests.swift in Sources */,
			);
			runOnlyForDeploymentPostprocessing = 0;
		};
		8FB7F3AB271E626400A3F99C /* Sources */ = {
			isa = PBXSourcesBuildPhase;
			buildActionMask = 2147483647;
			files = (
				8FB7F3B4271E626400A3F99C /* buttonTest03UITests.swift in Sources */,
				8FB7F3B6271E626400A3F99C /* buttonTest03UITestsLaunchTests.swift in Sources */,
			);
			runOnlyForDeploymentPostprocessing = 0;
		};
/* End PBXSourcesBuildPhase section */

/* Begin PBXTargetDependency section */
		8FB7F3A7271E626400A3F99C /* PBXTargetDependency */ = {
			isa = PBXTargetDependency;
			target = 8FB7F394271E626100A3F99C /* buttonTest03 */;
			targetProxy = 8FB7F3A6271E626400A3F99C /* PBXContainerItemProxy */;
		};
		8FB7F3B1271E626400A3F99C /* PBXTargetDependency */ = {
			isa = PBXTargetDependency;
			target = 8FB7F394271E626100A3F99C /* buttonTest03 */;
			targetProxy = 8FB7F3B0271E626400A3F99C /* PBXContainerItemProxy */;
		};
/* End PBXTargetDependency section */

/* Begin XCBuildConfiguration section */
		8FB7F3B7271E626400A3F99C /* Debug */ = {
			isa = XCBuildConfiguration;
			buildSettings = {
				ALWAYS_SEARCH_USER_PATHS = NO;
				CLANG_ANALYZER_NONNULL = YES;
				CLANG_ANALYZER_NUMBER_OBJECT_CONVERSION = YES_AGGRESSIVE;
				CLANG_CXX_LANGUAGE_STANDARD = "gnu++17";
				CLANG_CXX_LIBRARY = "libc++";
				CLANG_ENABLE_MODULES = YES;
				CLANG_ENABLE_OBJC_ARC = YES;
				CLANG_ENABLE_OBJC_WEAK = YES;
				CLANG_WARN_BLOCK_CAPTURE_AUTORELEASING = YES;
				CLANG_WARN_BOOL_CONVERSION = YES;
				CLANG_WARN_COMMA = YES;
				CLANG_WARN_CONSTANT_CONVERSION = YES;
				CLANG_WARN_DEPRECATED_OBJC_IMPLEMENTATIONS = YES;
				CLANG_WARN_DIRECT_OBJC_ISA_USAGE = YES_ERROR;
				CLANG_WARN_DOCUMENTATION_COMMENTS = YES;
				CLANG_WARN_EMPTY_BODY = YES;
				CLANG_WARN_ENUM_CONVERSION = YES;
				CLANG_WARN_INFINITE_RECURSION = YES;
				CLANG_WARN_INT_CONVERSION = YES;
				CLANG_WARN_NON_LITERAL_NULL_CONVERSION = YES;
				CLANG_WARN_OBJC_IMPLICIT_RETAIN_SELF = YES;
				CLANG_WARN_OBJC_LITERAL_CONVERSION = YES;
				CLANG_WARN_OBJC_ROOT_CLASS = YES_ERROR;
				CLANG_WARN_QUOTED_INCLUDE_IN_FRAMEWORK_HEADER = YES;
				CLANG_WARN_RANGE_LOOP_ANALYSIS = YES;
				CLANG_WARN_STRICT_PROTOTYPES = YES;
				CLANG_WARN_SUSPICIOUS_MOVE = YES;
				CLANG_WARN_UNGUARDED_AVAILABILITY = YES_AGGRESSIVE;
				CLANG_WARN_UNREACHABLE_CODE = YES;
				CLANG_WARN__DUPLICATE_METHOD_MATCH = YES;
				COPY_PHASE_STRIP = NO;
				DEBUG_INFORMATION_FORMAT = dwarf;
				ENABLE_STRICT_OBJC_MSGSEND = YES;
				ENABLE_TESTABILITY = YES;
				GCC_C_LANGUAGE_STANDARD = gnu11;
				GCC_DYNAMIC_NO_PIC = NO;
				GCC_NO_COMMON_BLOCKS = YES;
				GCC_OPTIMIZATION_LEVEL = 0;
				GCC_PREPROCESSOR_DEFINITIONS = (
					"DEBUG=1",
					"$(inherited)",
				);
				GCC_WARN_64_TO_32_BIT_CONVERSION = YES;
				GCC_WARN_ABOUT_RETURN_TYPE = YES_ERROR;
				GCC_WARN_UNDECLARED_SELECTOR = YES;
				GCC_WARN_UNINITIALIZED_AUTOS = YES_AGGRESSIVE;
				GCC_WARN_UNUSED_FUNCTION = YES;
				GCC_WARN_UNUSED_VARIABLE = YES;
				IPHONEOS_DEPLOYMENT_TARGET = 15.0;
				MTL_ENABLE_DEBUG_INFO = INCLUDE_SOURCE;
				MTL_FAST_MATH = YES;
				ONLY_ACTIVE_ARCH = YES;
				SDKROOT = iphoneos;
				SWIFT_ACTIVE_COMPILATION_CONDITIONS = DEBUG;
				SWIFT_OPTIMIZATION_LEVEL = "-Onone";
			};
			name = Debug;
		};
		8FB7F3B8271E626400A3F99C /* Release */ = {
			isa = XCBuildConfiguration;
			buildSettings = {
				ALWAYS_SEARCH_USER_PATHS = NO;
				CLANG_ANALYZER_NONNULL = YES;
				CLANG_ANALYZER_NUMBER_OBJECT_CONVERSION = YES_AGGRESSIVE;
				CLANG_CXX_LANGUAGE_STANDARD = "gnu++17";
				CLANG_CXX_LIBRARY = "libc++";
				CLANG_ENABLE_MODULES = YES;
				CLANG_ENABLE_OBJC_ARC = YES;
				CLANG_ENABLE_OBJC_WEAK = YES;
				CLANG_WARN_BLOCK_CAPTURE_AUTORELEASING = YES;
				CLANG_WARN_BOOL_CONVERSION = YES;
				CLANG_WARN_COMMA = YES;
				CLANG_WARN_CONSTANT_CONVERSION = YES;
				CLANG_WARN_DEPRECATED_OBJC_IMPLEMENTATIONS = YES;
				CLANG_WARN_DIRECT_OBJC_ISA_USAGE = YES_ERROR;
				CLANG_WARN_DOCUMENTATION_COMMENTS = YES;
				CLANG_WARN_EMPTY_BODY = YES;
				CLANG_WARN_ENUM_CONVERSION = YES;
				CLANG_WARN_INFINITE_RECURSION = YES;
				CLANG_WARN_INT_CONVERSION = YES;
				CLANG_WARN_NON_LITERAL_NULL_CONVERSION = YES;
				CLANG_WARN_OBJC_IMPLICIT_RETAIN_SELF = YES;
				CLANG_WARN_OBJC_LITERAL_CONVERSION = YES;
				CLANG_WARN_OBJC_ROOT_CLASS = YES_ERROR;
				CLANG_WARN_QUOTED_INCLUDE_IN_FRAMEWORK_HEADER = YES;
				CLANG_WARN_RANGE_LOOP_ANALYSIS = YES;
				CLANG_WARN_STRICT_PROTOTYPES = YES;
				CLANG_WARN_SUSPICIOUS_MOVE = YES;
				CLANG_WARN_UNGUARDED_AVAILABILITY = YES_AGGRESSIVE;
				CLANG_WARN_UNREACHABLE_CODE = YES;
				CLANG_WARN__DUPLICATE_METHOD_MATCH = YES;
				COPY_PHASE_STRIP = NO;
				DEBUG_INFORMATION_FORMAT = "dwarf-with-dsym";
				ENABLE_NS_ASSERTIONS = NO;
				ENABLE_STRICT_OBJC_MSGSEND = YES;
				GCC_C_LANGUAGE_STANDARD = gnu11;
				GCC_NO_COMMON_BLOCKS = YES;
				GCC_WARN_64_TO_32_BIT_CONVERSION = YES;
				GCC_WARN_ABOUT_RETURN_TYPE = YES_ERROR;
				GCC_WARN_UNDECLARED_SELECTOR = YES;
				GCC_WARN_UNINITIALIZED_AUTOS = YES_AGGRESSIVE;
				GCC_WARN_UNUSED_FUNCTION = YES;
				GCC_WARN_UNUSED_VARIABLE = YES;
				IPHONEOS_DEPLOYMENT_TARGET = 15.0;
				MTL_ENABLE_DEBUG_INFO = NO;
				MTL_FAST_MATH = YES;
				SDKROOT = iphoneos;
				SWIFT_COMPILATION_MODE = wholemodule;
				SWIFT_OPTIMIZATION_LEVEL = "-O";
				VALIDATE_PRODUCT = YES;
			};
			name = Release;
		};
		8FB7F3BA271E626400A3F99C /* Debug */ = {
			isa = XCBuildConfiguration;
			buildSettings = {
				ASSETCATALOG_COMPILER_APPICON_NAME = AppIcon;
				ASSETCATALOG_COMPILER_GLOBAL_ACCENT_COLOR_NAME = AccentColor;
				CODE_SIGN_STYLE = Automatic;
				CURRENT_PROJECT_VERSION = 1;
				DEVELOPMENT_ASSET_PATHS = "\"buttonTest03/Preview Content\"";
				ENABLE_PREVIEWS = YES;
				GENERATE_INFOPLIST_FILE = YES;
				INFOPLIST_KEY_UIApplicationSceneManifest_Generation = YES;
				INFOPLIST_KEY_UIApplicationSupportsIndirectInputEvents = YES;
				INFOPLIST_KEY_UILaunchScreen_Generation = YES;
				INFOPLIST_KEY_UISupportedInterfaceOrientations_iPad = "UIInterfaceOrientationPortrait UIInterfaceOrientationPortraitUpsideDown UIInterfaceOrientationLandscapeLeft UIInterfaceOrientationLandscapeRight";
				INFOPLIST_KEY_UISupportedInterfaceOrientations_iPhone = "UIInterfaceOrientationPortrait UIInterfaceOrientationLandscapeLeft UIInterfaceOrientationLandscapeRight";
				IPHONEOS_DEPLOYMENT_TARGET = 14.0;
				LD_RUNPATH_SEARCH_PATHS = (
					"$(inherited)",
					"@executable_path/Frameworks",
				);
				MARKETING_VERSION = 1.0;
				PRODUCT_BUNDLE_IDENTIFIER = jp.ac.ecc.ie3a08.buttonTest03;
				PRODUCT_NAME = "$(TARGET_NAME)";
				SWIFT_EMIT_LOC_STRINGS = YES;
				SWIFT_VERSION = 5.0;
				TARGETED_DEVICE_FAMILY = "1,2";
			};
			name = Debug;
		};
		8FB7F3BB271E626400A3F99C /* Release */ = {
			isa = XCBuildConfiguration;
			buildSettings = {
				ASSETCATALOG_COMPILER_APPICON_NAME = AppIcon;
				ASSETCATALOG_COMPILER_GLOBAL_ACCENT_COLOR_NAME = AccentColor;
				CODE_SIGN_STYLE = Automatic;
				CURRENT_PROJECT_VERSION = 1;
				DEVELOPMENT_ASSET_PATHS = "\"buttonTest03/Preview Content\"";
				ENABLE_PREVIEWS = YES;
				GENERATE_INFOPLIST_FILE = YES;
				INFOPLIST_KEY_UIApplicationSceneManifest_Generation = YES;
				INFOPLIST_KEY_UIApplicationSupportsIndirectInputEvents = YES;
				INFOPLIST_KEY_UILaunchScreen_Generation = YES;
				INFOPLIST_KEY_UISupportedInterfaceOrientations_iPad = "UIInterfaceOrientationPortrait UIInterfaceOrientationPortraitUpsideDown UIInterfaceOrientationLandscapeLeft UIInterfaceOrientationLandscapeRight";
				INFOPLIST_KEY_UISupportedInterfaceOrientations_iPhone = "UIInterfaceOrientationPortrait UIInterfaceOrientationLandscapeLeft UIInterfaceOrientationLandscapeRight";
				IPHONEOS_DEPLOYMENT_TARGET = 14.0;
				LD_RUNPATH_SEARCH_PATHS = (
					"$(inherited)",
					"@executable_path/Frameworks",
				);
				MARKETING_VERSION = 1.0;
				PRODUCT_BUNDLE_IDENTIFIER = jp.ac.ecc.ie3a08.buttonTest03;
				PRODUCT_NAME = "$(TARGET_NAME)";
				SWIFT_EMIT_LOC_STRINGS = YES;
				SWIFT_VERSION = 5.0;
				TARGETED_DEVICE_FAMILY = "1,2";
			};
			name = Release;
		};
		8FB7F3BD271E626400A3F99C /* Debug */ = {
			isa = XCBuildConfiguration;
			buildSettings = {
				ALWAYS_EMBED_SWIFT_STANDARD_LIBRARIES = YES;
				BUNDLE_LOADER = "$(TEST_HOST)";
				CODE_SIGN_STYLE = Automatic;
				CURRENT_PROJECT_VERSION = 1;
				GENERATE_INFOPLIST_FILE = YES;
				IPHONEOS_DEPLOYMENT_TARGET = 14.0;
				LD_RUNPATH_SEARCH_PATHS = (
					"$(inherited)",
					"@executable_path/Frameworks",
					"@loader_path/Frameworks",
				);
				MARKETING_VERSION = 1.0;
				PRODUCT_BUNDLE_IDENTIFIER = jp.ac.ecc.ie3a08.buttonTest03Tests;
				PRODUCT_NAME = "$(TARGET_NAME)";
				SWIFT_EMIT_LOC_STRINGS = NO;
				SWIFT_VERSION = 5.0;
				TARGETED_DEVICE_FAMILY = "1,2";
				TEST_HOST = "$(BUILT_PRODUCTS_DIR)/buttonTest03.app/buttonTest03";
			};
			name = Debug;
		};
		8FB7F3BE271E626400A3F99C /* Release */ = {
			isa = XCBuildConfiguration;
			buildSettings = {
				ALWAYS_EMBED_SWIFT_STANDARD_LIBRARIES = YES;
				BUNDLE_LOADER = "$(TEST_HOST)";
				CODE_SIGN_STYLE = Automatic;
				CURRENT_PROJECT_VERSION = 1;
				GENERATE_INFOPLIST_FILE = YES;
				IPHONEOS_DEPLOYMENT_TARGET = 14.0;
				LD_RUNPATH_SEARCH_PATHS = (
					"$(inherited)",
					"@executable_path/Frameworks",
					"@loader_path/Frameworks",
				);
				MARKETING_VERSION = 1.0;
				PRODUCT_BUNDLE_IDENTIFIER = jp.ac.ecc.ie3a08.buttonTest03Tests;
				PRODUCT_NAME = "$(TARGET_NAME)";
				SWIFT_EMIT_LOC_STRINGS = NO;
				SWIFT_VERSION = 5.0;
				TARGETED_DEVICE_FAMILY = "1,2";
				TEST_HOST = "$(BUILT_PRODUCTS_DIR)/buttonTest03.app/buttonTest03";
			};
			name = Release;
		};
		8FB7F3C0271E626400A3F99C /* Debug */ = {
			isa = XCBuildConfiguration;
			buildSettings = {
				ALWAYS_EMBED_SWIFT_STANDARD_LIBRARIES = YES;
				CODE_SIGN_STYLE = Automatic;
				CURRENT_PROJECT_VERSION = 1;
				GENERATE_INFOPLIST_FILE = YES;
				LD_RUNPATH_SEARCH_PATHS = (
					"$(inherited)",
					"@executable_path/Frameworks",
					"@loader_path/Frameworks",
				);
				MARKETING_VERSION = 1.0;
				PRODUCT_BUNDLE_IDENTIFIER = jp.ac.ecc.ie3a08.buttonTest03UITests;
				PRODUCT_NAME = "$(TARGET_NAME)";
				SWIFT_EMIT_LOC_STRINGS = NO;
				SWIFT_VERSION = 5.0;
				TARGETED_DEVICE_FAMILY = "1,2";
				TEST_TARGET_NAME = buttonTest03;
			};
			name = Debug;
		};
		8FB7F3C1271E626400A3F99C /* Release */ = {
			isa = XCBuildConfiguration;
			buildSettings = {
				ALWAYS_EMBED_SWIFT_STANDARD_LIBRARIES = YES;
				CODE_SIGN_STYLE = Automatic;
				CURRENT_PROJECT_VERSION = 1;
				GENERATE_INFOPLIST_FILE = YES;
				LD_RUNPATH_SEARCH_PATHS = (
					"$(inherited)",
					"@executable_path/Frameworks",
					"@loader_path/Frameworks",
				);
				MARKETING_VERSION = 1.0;
				PRODUCT_BUNDLE_IDENTIFIER = jp.ac.ecc.ie3a08.buttonTest03UITests;
				PRODUCT_NAME = "$(TARGET_NAME)";
				SWIFT_EMIT_LOC_STRINGS = NO;
				SWIFT_VERSION = 5.0;
				TARGETED_DEVICE_FAMILY = "1,2";
				TEST_TARGET_NAME = buttonTest03;
			};
			name = Release;
		};
/* End XCBuildConfiguration section */

/* Begin XCConfigurationList section */
		8FB7F390271E626100A3F99C /* Build configuration list for PBXProject "buttonTest03" */ = {
			isa = XCConfigurationList;
			buildConfigurations = (
				8FB7F3B7271E626400A3F99C /* Debug */,
				8FB7F3B8271E626400A3F99C /* Release */,
			);
			defaultConfigurationIsVisible = 0;
			defaultConfigurationName = Release;
		};
		8FB7F3B9271E626400A3F99C /* Build configuration list for PBXNativeTarget "buttonTest03" */ = {
			isa = XCConfigurationList;
			buildConfigurations = (
				8FB7F3BA271E626400A3F99C /* Debug */,
				8FB7F3BB271E626400A3F99C /* Release */,
			);
			defaultConfigurationIsVisible = 0;
			defaultConfigurationName = Release;
		};
		8FB7F3BC271E626400A3F99C /* Build configuration list for PBXNativeTarget "buttonTest03Tests" */ = {
			isa = XCConfigurationList;
			buildConfigurations = (
				8FB7F3BD271E626400A3F99C /* Debug */,
				8FB7F3BE271E626400A3F99C /* Release */,
			);
			defaultConfigurationIsVisible = 0;
			defaultConfigurationName = Release;
		};
		8FB7F3BF271E626400A3F99C /* Build configuration list for PBXNativeTarget "buttonTest03UITests" */ = {
			isa = XCConfigurationList;
			buildConfigurations = (
				8FB7F3C0271E626400A3F99C /* Debug */,
				8FB7F3C1271E626400A3F99C /* Release */,
			);
			defaultConfigurationIsVisible = 0;
			defaultConfigurationName = Release;
		};
/* End XCConfigurationList section */
	};
	rootObject = 8FB7F38D271E626100A3F99C /* Project object */;
}
