// !$*UTF8*$!
{
	archiveVersion = 1;
	classes = {
	};
	objectVersion = 55;
	objects = {

/* Begin PBXBuildFile section */
		8FADDB7B279A80F300B38A58 /* DataFile.swift in Sources */ = {isa = PBXBuildFile; fileRef = 8FADDB7A279A80F300B38A58 /* DataFile.swift */; };
		8FADDB7D279A848200B38A58 /* ListDataRow.swift in Sources */ = {isa = PBXBuildFile; fileRef = 8FADDB7C279A848200B38A58 /* ListDataRow.swift */; };
		8FAEBB3B278D28DD001D0283 /* iosWork12App.swift in Sources */ = {isa = PBXBuildFile; fileRef = 8FAEBB3A278D28DD001D0283 /* iosWork12App.swift */; };
		8FAEBB3D278D28DD001D0283 /* ContentView.swift in Sources */ = {isa = PBXBuildFile; fileRef = 8FAEBB3C278D28DD001D0283 /* ContentView.swift */; };
		8FAEBB3F278D28E4001D0283 /* Assets.xcassets in Resources */ = {isa = PBXBuildFile; fileRef = 8FAEBB3E278D28E4001D0283 /* Assets.xcassets */; };
		8FAEBB42278D28E4001D0283 /* Preview Assets.xcassets in Resources */ = {isa = PBXBuildFile; fileRef = 8FAEBB41278D28E4001D0283 /* Preview Assets.xcassets */; };
		8FAEBB4C278D28E4001D0283 /* iosWork12Tests.swift in Sources */ = {isa = PBXBuildFile; fileRef = 8FAEBB4B278D28E4001D0283 /* iosWork12Tests.swift */; };
		8FAEBB56278D28E4001D0283 /* iosWork12UITests.swift in Sources */ = {isa = PBXBuildFile; fileRef = 8FAEBB55278D28E4001D0283 /* iosWork12UITests.swift */; };
		8FAEBB58278D28E4001D0283 /* iosWork12UITestsLaunchTests.swift in Sources */ = {isa = PBXBuildFile; fileRef = 8FAEBB57278D28E4001D0283 /* iosWork12UITestsLaunchTests.swift */; };
/* End PBXBuildFile section */

/* Begin PBXContainerItemProxy section */
		8FAEBB48278D28E4001D0283 /* PBXContainerItemProxy */ = {
			isa = PBXContainerItemProxy;
			containerPortal = 8FAEBB2F278D28DD001D0283 /* Project object */;
			proxyType = 1;
			remoteGlobalIDString = 8FAEBB36278D28DD001D0283;
			remoteInfo = iosWork12;
		};
		8FAEBB52278D28E4001D0283 /* PBXContainerItemProxy */ = {
			isa = PBXContainerItemProxy;
			containerPortal = 8FAEBB2F278D28DD001D0283 /* Project object */;
			proxyType = 1;
			remoteGlobalIDString = 8FAEBB36278D28DD001D0283;
			remoteInfo = iosWork12;
		};
/* End PBXContainerItemProxy section */

/* Begin PBXFileReference section */
		8FADDB7A279A80F300B38A58 /* DataFile.swift */ = {isa = PBXFileReference; lastKnownFileType = sourcecode.swift; path = DataFile.swift; sourceTree = "<group>"; };
		8FADDB7C279A848200B38A58 /* ListDataRow.swift */ = {isa = PBXFileReference; lastKnownFileType = sourcecode.swift; path = ListDataRow.swift; sourceTree = "<group>"; };
		8FAEBB37278D28DD001D0283 /* iosWork12.app */ = {isa = PBXFileReference; explicitFileType = wrapper.application; includeInIndex = 0; path = iosWork12.app; sourceTree = BUILT_PRODUCTS_DIR; };
		8FAEBB3A278D28DD001D0283 /* iosWork12App.swift */ = {isa = PBXFileReference; lastKnownFileType = sourcecode.swift; path = iosWork12App.swift; sourceTree = "<group>"; };
		8FAEBB3C278D28DD001D0283 /* ContentView.swift */ = {isa = PBXFileReference; lastKnownFileType = sourcecode.swift; path = ContentView.swift; sourceTree = "<group>"; };
		8FAEBB3E278D28E4001D0283 /* Assets.xcassets */ = {isa = PBXFileReference; lastKnownFileType = folder.assetcatalog; path = Assets.xcassets; sourceTree = "<group>"; };
		8FAEBB41278D28E4001D0283 /* Preview Assets.xcassets */ = {isa = PBXFileReference; lastKnownFileType = folder.assetcatalog; path = "Preview Assets.xcassets"; sourceTree = "<group>"; };
		8FAEBB47278D28E4001D0283 /* iosWork12Tests.xctest */ = {isa = PBXFileReference; explicitFileType = wrapper.cfbundle; includeInIndex = 0; path = iosWork12Tests.xctest; sourceTree = BUILT_PRODUCTS_DIR; };
		8FAEBB4B278D28E4001D0283 /* iosWork12Tests.swift */ = {isa = PBXFileReference; lastKnownFileType = sourcecode.swift; path = iosWork12Tests.swift; sourceTree = "<group>"; };
		8FAEBB51278D28E4001D0283 /* iosWork12UITests.xctest */ = {isa = PBXFileReference; explicitFileType = wrapper.cfbundle; includeInIndex = 0; path = iosWork12UITests.xctest; sourceTree = BUILT_PRODUCTS_DIR; };
		8FAEBB55278D28E4001D0283 /* iosWork12UITests.swift */ = {isa = PBXFileReference; lastKnownFileType = sourcecode.swift; path = iosWork12UITests.swift; sourceTree = "<group>"; };
		8FAEBB57278D28E4001D0283 /* iosWork12UITestsLaunchTests.swift */ = {isa = PBXFileReference; lastKnownFileType = sourcecode.swift; path = iosWork12UITestsLaunchTests.swift; sourceTree = "<group>"; };
/* End PBXFileReference section */

/* Begin PBXFrameworksBuildPhase section */
		8FAEBB34278D28DD001D0283 /* Frameworks */ = {
			isa = PBXFrameworksBuildPhase;
			buildActionMask = 2147483647;
			files = (
			);
			runOnlyForDeploymentPostprocessing = 0;
		};
		8FAEBB44278D28E4001D0283 /* Frameworks */ = {
			isa = PBXFrameworksBuildPhase;
			buildActionMask = 2147483647;
			files = (
			);
			runOnlyForDeploymentPostprocessing = 0;
		};
		8FAEBB4E278D28E4001D0283 /* Frameworks */ = {
			isa = PBXFrameworksBuildPhase;
			buildActionMask = 2147483647;
			files = (
			);
			runOnlyForDeploymentPostprocessing = 0;
		};
/* End PBXFrameworksBuildPhase section */

/* Begin PBXGroup section */
		8FAEBB2E278D28DD001D0283 = {
			isa = PBXGroup;
			children = (
				8FAEBB39278D28DD001D0283 /* iosWork12 */,
				8FAEBB4A278D28E4001D0283 /* iosWork12Tests */,
				8FAEBB54278D28E4001D0283 /* iosWork12UITests */,
				8FAEBB38278D28DD001D0283 /* Products */,
			);
			sourceTree = "<group>";
		};
		8FAEBB38278D28DD001D0283 /* Products */ = {
			isa = PBXGroup;
			children = (
				8FAEBB37278D28DD001D0283 /* iosWork12.app */,
				8FAEBB47278D28E4001D0283 /* iosWork12Tests.xctest */,
				8FAEBB51278D28E4001D0283 /* iosWork12UITests.xctest */,
			);
			name = Products;
			sourceTree = "<group>";
		};
		8FAEBB39278D28DD001D0283 /* iosWork12 */ = {
			isa = PBXGroup;
			children = (
				8FAEBB3A278D28DD001D0283 /* iosWork12App.swift */,
				8FAEBB3C278D28DD001D0283 /* ContentView.swift */,
				8FADDB7C279A848200B38A58 /* ListDataRow.swift */,
				8FADDB7A279A80F300B38A58 /* DataFile.swift */,
				8FAEBB3E278D28E4001D0283 /* Assets.xcassets */,
				8FAEBB40278D28E4001D0283 /* Preview Content */,
			);
			path = iosWork12;
			sourceTree = "<group>";
		};
		8FAEBB40278D28E4001D0283 /* Preview Content */ = {
			isa = PBXGroup;
			children = (
				8FAEBB41278D28E4001D0283 /* Preview Assets.xcassets */,
			);
			path = "Preview Content";
			sourceTree = "<group>";
		};
		8FAEBB4A278D28E4001D0283 /* iosWork12Tests */ = {
			isa = PBXGroup;
			children = (
				8FAEBB4B278D28E4001D0283 /* iosWork12Tests.swift */,
			);
			path = iosWork12Tests;
			sourceTree = "<group>";
		};
		8FAEBB54278D28E4001D0283 /* iosWork12UITests */ = {
			isa = PBXGroup;
			children = (
				8FAEBB55278D28E4001D0283 /* iosWork12UITests.swift */,
				8FAEBB57278D28E4001D0283 /* iosWork12UITestsLaunchTests.swift */,
			);
			path = iosWork12UITests;
			sourceTree = "<group>";
		};
/* End PBXGroup section */

/* Begin PBXNativeTarget section */
		8FAEBB36278D28DD001D0283 /* iosWork12 */ = {
			isa = PBXNativeTarget;
			buildConfigurationList = 8FAEBB5B278D28E4001D0283 /* Build configuration list for PBXNativeTarget "iosWork12" */;
			buildPhases = (
				8FAEBB33278D28DD001D0283 /* Sources */,
				8FAEBB34278D28DD001D0283 /* Frameworks */,
				8FAEBB35278D28DD001D0283 /* Resources */,
			);
			buildRules = (
			);
			dependencies = (
			);
			name = iosWork12;
			productName = iosWork12;
			productReference = 8FAEBB37278D28DD001D0283 /* iosWork12.app */;
			productType = "com.apple.product-type.application";
		};
		8FAEBB46278D28E4001D0283 /* iosWork12Tests */ = {
			isa = PBXNativeTarget;
			buildConfigurationList = 8FAEBB5E278D28E4001D0283 /* Build configuration list for PBXNativeTarget "iosWork12Tests" */;
			buildPhases = (
				8FAEBB43278D28E4001D0283 /* Sources */,
				8FAEBB44278D28E4001D0283 /* Frameworks */,
				8FAEBB45278D28E4001D0283 /* Resources */,
			);
			buildRules = (
			);
			dependencies = (
				8FAEBB49278D28E4001D0283 /* PBXTargetDependency */,
			);
			name = iosWork12Tests;
			productName = iosWork12Tests;
			productReference = 8FAEBB47278D28E4001D0283 /* iosWork12Tests.xctest */;
			productType = "com.apple.product-type.bundle.unit-test";
		};
		8FAEBB50278D28E4001D0283 /* iosWork12UITests */ = {
			isa = PBXNativeTarget;
			buildConfigurationList = 8FAEBB61278D28E4001D0283 /* Build configuration list for PBXNativeTarget "iosWork12UITests" */;
			buildPhases = (
				8FAEBB4D278D28E4001D0283 /* Sources */,
				8FAEBB4E278D28E4001D0283 /* Frameworks */,
				8FAEBB4F278D28E4001D0283 /* Resources */,
			);
			buildRules = (
			);
			dependencies = (
				8FAEBB53278D28E4001D0283 /* PBXTargetDependency */,
			);
			name = iosWork12UITests;
			productName = iosWork12UITests;
			productReference = 8FAEBB51278D28E4001D0283 /* iosWork12UITests.xctest */;
			productType = "com.apple.product-type.bundle.ui-testing";
		};
/* End PBXNativeTarget section */

/* Begin PBXProject section */
		8FAEBB2F278D28DD001D0283 /* Project object */ = {
			isa = PBXProject;
			attributes = {
				BuildIndependentTargetsInParallel = 1;
				LastSwiftUpdateCheck = 1300;
				LastUpgradeCheck = 1300;
				TargetAttributes = {
					8FAEBB36278D28DD001D0283 = {
						CreatedOnToolsVersion = 13.0;
					};
					8FAEBB46278D28E4001D0283 = {
						CreatedOnToolsVersion = 13.0;
						TestTargetID = 8FAEBB36278D28DD001D0283;
					};
					8FAEBB50278D28E4001D0283 = {
						CreatedOnToolsVersion = 13.0;
						TestTargetID = 8FAEBB36278D28DD001D0283;
					};
				};
			};
			buildConfigurationList = 8FAEBB32278D28DD001D0283 /* Build configuration list for PBXProject "iosWork12" */;
			compatibilityVersion = "Xcode 13.0";
			developmentRegion = en;
			hasScannedForEncodings = 0;
			knownRegions = (
				en,
				Base,
			);
			mainGroup = 8FAEBB2E278D28DD001D0283;
			productRefGroup = 8FAEBB38278D28DD001D0283 /* Products */;
			projectDirPath = "";
			projectRoot = "";
			targets = (
				8FAEBB36278D28DD001D0283 /* iosWork12 */,
				8FAEBB46278D28E4001D0283 /* iosWork12Tests */,
				8FAEBB50278D28E4001D0283 /* iosWork12UITests */,
			);
		};
/* End PBXProject section */

/* Begin PBXResourcesBuildPhase section */
		8FAEBB35278D28DD001D0283 /* Resources */ = {
			isa = PBXResourcesBuildPhase;
			buildActionMask = 2147483647;
			files = (
				8FAEBB42278D28E4001D0283 /* Preview Assets.xcassets in Resources */,
				8FAEBB3F278D28E4001D0283 /* Assets.xcassets in Resources */,
			);
			runOnlyForDeploymentPostprocessing = 0;
		};
		8FAEBB45278D28E4001D0283 /* Resources */ = {
			isa = PBXResourcesBuildPhase;
			buildActionMask = 2147483647;
			files = (
			);
			runOnlyForDeploymentPostprocessing = 0;
		};
		8FAEBB4F278D28E4001D0283 /* Resources */ = {
			isa = PBXResourcesBuildPhase;
			buildActionMask = 2147483647;
			files = (
			);
			runOnlyForDeploymentPostprocessing = 0;
		};
/* End PBXResourcesBuildPhase section */

/* Begin PBXSourcesBuildPhase section */
		8FAEBB33278D28DD001D0283 /* Sources */ = {
			isa = PBXSourcesBuildPhase;
			buildActionMask = 2147483647;
			files = (
				8FADDB7B279A80F300B38A58 /* DataFile.swift in Sources */,
				8FAEBB3D278D28DD001D0283 /* ContentView.swift in Sources */,
				8FADDB7D279A848200B38A58 /* ListDataRow.swift in Sources */,
				8FAEBB3B278D28DD001D0283 /* iosWork12App.swift in Sources */,
			);
			runOnlyForDeploymentPostprocessing = 0;
		};
		8FAEBB43278D28E4001D0283 /* Sources */ = {
			isa = PBXSourcesBuildPhase;
			buildActionMask = 2147483647;
			files = (
				8FAEBB4C278D28E4001D0283 /* iosWork12Tests.swift in Sources */,
			);
			runOnlyForDeploymentPostprocessing = 0;
		};
		8FAEBB4D278D28E4001D0283 /* Sources */ = {
			isa = PBXSourcesBuildPhase;
			buildActionMask = 2147483647;
			files = (
				8FAEBB58278D28E4001D0283 /* iosWork12UITestsLaunchTests.swift in Sources */,
				8FAEBB56278D28E4001D0283 /* iosWork12UITests.swift in Sources */,
			);
			runOnlyForDeploymentPostprocessing = 0;
		};
/* End PBXSourcesBuildPhase section */

/* Begin PBXTargetDependency section */
		8FAEBB49278D28E4001D0283 /* PBXTargetDependency */ = {
			isa = PBXTargetDependency;
			target = 8FAEBB36278D28DD001D0283 /* iosWork12 */;
			targetProxy = 8FAEBB48278D28E4001D0283 /* PBXContainerItemProxy */;
		};
		8FAEBB53278D28E4001D0283 /* PBXTargetDependency */ = {
			isa = PBXTargetDependency;
			target = 8FAEBB36278D28DD001D0283 /* iosWork12 */;
			targetProxy = 8FAEBB52278D28E4001D0283 /* PBXContainerItemProxy */;
		};
/* End PBXTargetDependency section */

/* Begin XCBuildConfiguration section */
		8FAEBB59278D28E4001D0283 /* Debug */ = {
			isa = XCBuildConfiguration;
			buildSettings = {
				ALWAYS_SEARCH_USER_PATHS = NO;
				CLANG_ANALYZER_NONNULL = YES;
				CLANG_ANALYZER_NUMBER_OBJECT_CONVERSION = YES_AGGRESSIVE;
				CLANG_CXX_LANGUAGE_STANDARD = "gnu++17";
				CLANG_CXX_LIBRARY = "libc++";
				CLANG_ENABLE_MODULES = YES;
				CLANG_ENABLE_OBJC_ARC = YES;
				CLANG_ENABLE_OBJC_WEAK = YES;
				CLANG_WARN_BLOCK_CAPTURE_AUTORELEASING = YES;
				CLANG_WARN_BOOL_CONVERSION = YES;
				CLANG_WARN_COMMA = YES;
				CLANG_WARN_CONSTANT_CONVERSION = YES;
				CLANG_WARN_DEPRECATED_OBJC_IMPLEMENTATIONS = YES;
				CLANG_WARN_DIRECT_OBJC_ISA_USAGE = YES_ERROR;
				CLANG_WARN_DOCUMENTATION_COMMENTS = YES;
				CLANG_WARN_EMPTY_BODY = YES;
				CLANG_WARN_ENUM_CONVERSION = YES;
				CLANG_WARN_INFINITE_RECURSION = YES;
				CLANG_WARN_INT_CONVERSION = YES;
				CLANG_WARN_NON_LITERAL_NULL_CONVERSION = YES;
				CLANG_WARN_OBJC_IMPLICIT_RETAIN_SELF = YES;
				CLANG_WARN_OBJC_LITERAL_CONVERSION = YES;
				CLANG_WARN_OBJC_ROOT_CLASS = YES_ERROR;
				CLANG_WARN_QUOTED_INCLUDE_IN_FRAMEWORK_HEADER = YES;
				CLANG_WARN_RANGE_LOOP_ANALYSIS = YES;
				CLANG_WARN_STRICT_PROTOTYPES = YES;
				CLANG_WARN_SUSPICIOUS_MOVE = YES;
				CLANG_WARN_UNGUARDED_AVAILABILITY = YES_AGGRESSIVE;
				CLANG_WARN_UNREACHABLE_CODE = YES;
				CLANG_WARN__DUPLICATE_METHOD_MATCH = YES;
				COPY_PHASE_STRIP = NO;
				DEBUG_INFORMATION_FORMAT = dwarf;
				ENABLE_STRICT_OBJC_MSGSEND = YES;
				ENABLE_TESTABILITY = YES;
				GCC_C_LANGUAGE_STANDARD = gnu11;
				GCC_DYNAMIC_NO_PIC = NO;
				GCC_NO_COMMON_BLOCKS = YES;
				GCC_OPTIMIZATION_LEVEL = 0;
				GCC_PREPROCESSOR_DEFINITIONS = (
					"DEBUG=1",
					"$(inherited)",
				);
				GCC_WARN_64_TO_32_BIT_CONVERSION = YES;
				GCC_WARN_ABOUT_RETURN_TYPE = YES_ERROR;
				GCC_WARN_UNDECLARED_SELECTOR = YES;
				GCC_WARN_UNINITIALIZED_AUTOS = YES_AGGRESSIVE;
				GCC_WARN_UNUSED_FUNCTION = YES;
				GCC_WARN_UNUSED_VARIABLE = YES;
				IPHONEOS_DEPLOYMENT_TARGET = 15.0;
				MTL_ENABLE_DEBUG_INFO = INCLUDE_SOURCE;
				MTL_FAST_MATH = YES;
				ONLY_ACTIVE_ARCH = YES;
				SDKROOT = iphoneos;
				SWIFT_ACTIVE_COMPILATION_CONDITIONS = DEBUG;
				SWIFT_OPTIMIZATION_LEVEL = "-Onone";
			};
			name = Debug;
		};
		8FAEBB5A278D28E4001D0283 /* Release */ = {
			isa = XCBuildConfiguration;
			buildSettings = {
				ALWAYS_SEARCH_USER_PATHS = NO;
				CLANG_ANALYZER_NONNULL = YES;
				CLANG_ANALYZER_NUMBER_OBJECT_CONVERSION = YES_AGGRESSIVE;
				CLANG_CXX_LANGUAGE_STANDARD = "gnu++17";
				CLANG_CXX_LIBRARY = "libc++";
				CLANG_ENABLE_MODULES = YES;
				CLANG_ENABLE_OBJC_ARC = YES;
				CLANG_ENABLE_OBJC_WEAK = YES;
				CLANG_WARN_BLOCK_CAPTURE_AUTORELEASING = YES;
				CLANG_WARN_BOOL_CONVERSION = YES;
				CLANG_WARN_COMMA = YES;
				CLANG_WARN_CONSTANT_CONVERSION = YES;
				CLANG_WARN_DEPRECATED_OBJC_IMPLEMENTATIONS = YES;
				CLANG_WARN_DIRECT_OBJC_ISA_USAGE = YES_ERROR;
				CLANG_WARN_DOCUMENTATION_COMMENTS = YES;
				CLANG_WARN_EMPTY_BODY = YES;
				CLANG_WARN_ENUM_CONVERSION = YES;
				CLANG_WARN_INFINITE_RECURSION = YES;
				CLANG_WARN_INT_CONVERSION = YES;
				CLANG_WARN_NON_LITERAL_NULL_CONVERSION = YES;
				CLANG_WARN_OBJC_IMPLICIT_RETAIN_SELF = YES;
				CLANG_WARN_OBJC_LITERAL_CONVERSION = YES;
				CLANG_WARN_OBJC_ROOT_CLASS = YES_ERROR;
				CLANG_WARN_QUOTED_INCLUDE_IN_FRAMEWORK_HEADER = YES;
				CLANG_WARN_RANGE_LOOP_ANALYSIS = YES;
				CLANG_WARN_STRICT_PROTOTYPES = YES;
				CLANG_WARN_SUSPICIOUS_MOVE = YES;
				CLANG_WARN_UNGUARDED_AVAILABILITY = YES_AGGRESSIVE;
				CLANG_WARN_UNREACHABLE_CODE = YES;
				CLANG_WARN__DUPLICATE_METHOD_MATCH = YES;
				COPY_PHASE_STRIP = NO;
				DEBUG_INFORMATION_FORMAT = "dwarf-with-dsym";
				ENABLE_NS_ASSERTIONS = NO;
				ENABLE_STRICT_OBJC_MSGSEND = YES;
				GCC_C_LANGUAGE_STANDARD = gnu11;
				GCC_NO_COMMON_BLOCKS = YES;
				GCC_WARN_64_TO_32_BIT_CONVERSION = YES;
				GCC_WARN_ABOUT_RETURN_TYPE = YES_ERROR;
				GCC_WARN_UNDECLARED_SELECTOR = YES;
				GCC_WARN_UNINITIALIZED_AUTOS = YES_AGGRESSIVE;
				GCC_WARN_UNUSED_FUNCTION = YES;
				GCC_WARN_UNUSED_VARIABLE = YES;
				IPHONEOS_DEPLOYMENT_TARGET = 15.0;
				MTL_ENABLE_DEBUG_INFO = NO;
				MTL_FAST_MATH = YES;
				SDKROOT = iphoneos;
				SWIFT_COMPILATION_MODE = wholemodule;
				SWIFT_OPTIMIZATION_LEVEL = "-O";
				VALIDATE_PRODUCT = YES;
			};
			name = Release;
		};
		8FAEBB5C278D28E4001D0283 /* Debug */ = {
			isa = XCBuildConfiguration;
			buildSettings = {
				ASSETCATALOG_COMPILER_APPICON_NAME = AppIcon;
				ASSETCATALOG_COMPILER_GLOBAL_ACCENT_COLOR_NAME = AccentColor;
				CODE_SIGN_STYLE = Automatic;
				CURRENT_PROJECT_VERSION = 1;
				DEVELOPMENT_ASSET_PATHS = "\"iosWork12/Preview Content\"";
				ENABLE_PREVIEWS = YES;
				GENERATE_INFOPLIST_FILE = YES;
				INFOPLIST_KEY_UIApplicationSceneManifest_Generation = YES;
				INFOPLIST_KEY_UIApplicationSupportsIndirectInputEvents = YES;
				INFOPLIST_KEY_UILaunchScreen_Generation = YES;
				INFOPLIST_KEY_UISupportedInterfaceOrientations_iPad = "UIInterfaceOrientationPortrait UIInterfaceOrientationPortraitUpsideDown UIInterfaceOrientationLandscapeLeft UIInterfaceOrientationLandscapeRight";
				INFOPLIST_KEY_UISupportedInterfaceOrientations_iPhone = "UIInterfaceOrientationPortrait UIInterfaceOrientationLandscapeLeft UIInterfaceOrientationLandscapeRight";
				IPHONEOS_DEPLOYMENT_TARGET = 14.0;
				LD_RUNPATH_SEARCH_PATHS = (
					"$(inherited)",
					"@executable_path/Frameworks",
				);
				MARKETING_VERSION = 1.0;
				PRODUCT_BUNDLE_IDENTIFIER = jp.ac.ecc.ie3a08.iosWork12;
				PRODUCT_NAME = "$(TARGET_NAME)";
				SWIFT_EMIT_LOC_STRINGS = YES;
				SWIFT_VERSION = 5.0;
				TARGETED_DEVICE_FAMILY = "1,2";
			};
			name = Debug;
		};
		8FAEBB5D278D28E4001D0283 /* Release */ = {
			isa = XCBuildConfiguration;
			buildSettings = {
				ASSETCATALOG_COMPILER_APPICON_NAME = AppIcon;
				ASSETCATALOG_COMPILER_GLOBAL_ACCENT_COLOR_NAME = AccentColor;
				CODE_SIGN_STYLE = Automatic;
				CURRENT_PROJECT_VERSION = 1;
				DEVELOPMENT_ASSET_PATHS = "\"iosWork12/Preview Content\"";
				ENABLE_PREVIEWS = YES;
				GENERATE_INFOPLIST_FILE = YES;
				INFOPLIST_KEY_UIApplicationSceneManifest_Generation = YES;
				INFOPLIST_KEY_UIApplicationSupportsIndirectInputEvents = YES;
				INFOPLIST_KEY_UILaunchScreen_Generation = YES;
				INFOPLIST_KEY_UISupportedInterfaceOrientations_iPad = "UIInterfaceOrientationPortrait UIInterfaceOrientationPortraitUpsideDown UIInterfaceOrientationLandscapeLeft UIInterfaceOrientationLandscapeRight";
				INFOPLIST_KEY_UISupportedInterfaceOrientations_iPhone = "UIInterfaceOrientationPortrait UIInterfaceOrientationLandscapeLeft UIInterfaceOrientationLandscapeRight";
				IPHONEOS_DEPLOYMENT_TARGET = 14.0;
				LD_RUNPATH_SEARCH_PATHS = (
					"$(inherited)",
					"@executable_path/Frameworks",
				);
				MARKETING_VERSION = 1.0;
				PRODUCT_BUNDLE_IDENTIFIER = jp.ac.ecc.ie3a08.iosWork12;
				PRODUCT_NAME = "$(TARGET_NAME)";
				SWIFT_EMIT_LOC_STRINGS = YES;
				SWIFT_VERSION = 5.0;
				TARGETED_DEVICE_FAMILY = "1,2";
			};
			name = Release;
		};
		8FAEBB5F278D28E4001D0283 /* Debug */ = {
			isa = XCBuildConfiguration;
			buildSettings = {
				ALWAYS_EMBED_SWIFT_STANDARD_LIBRARIES = YES;
				BUNDLE_LOADER = "$(TEST_HOST)";
				CODE_SIGN_STYLE = Automatic;
				CURRENT_PROJECT_VERSION = 1;
				GENERATE_INFOPLIST_FILE = YES;
				IPHONEOS_DEPLOYMENT_TARGET = 14.0;
				LD_RUNPATH_SEARCH_PATHS = (
					"$(inherited)",
					"@executable_path/Frameworks",
					"@loader_path/Frameworks",
				);
				MARKETING_VERSION = 1.0;
				PRODUCT_BUNDLE_IDENTIFIER = jp.ac.ecc.ie3a08.iosWork12Tests;
				PRODUCT_NAME = "$(TARGET_NAME)";
				SWIFT_EMIT_LOC_STRINGS = NO;
				SWIFT_VERSION = 5.0;
				TARGETED_DEVICE_FAMILY = "1,2";
				TEST_HOST = "$(BUILT_PRODUCTS_DIR)/iosWork12.app/iosWork12";
			};
			name = Debug;
		};
		8FAEBB60278D28E4001D0283 /* Release */ = {
			isa = XCBuildConfiguration;
			buildSettings = {
				ALWAYS_EMBED_SWIFT_STANDARD_LIBRARIES = YES;
				BUNDLE_LOADER = "$(TEST_HOST)";
				CODE_SIGN_STYLE = Automatic;
				CURRENT_PROJECT_VERSION = 1;
				GENERATE_INFOPLIST_FILE = YES;
				IPHONEOS_DEPLOYMENT_TARGET = 14.0;
				LD_RUNPATH_SEARCH_PATHS = (
					"$(inherited)",
					"@executable_path/Frameworks",
					"@loader_path/Frameworks",
				);
				MARKETING_VERSION = 1.0;
				PRODUCT_BUNDLE_IDENTIFIER = jp.ac.ecc.ie3a08.iosWork12Tests;
				PRODUCT_NAME = "$(TARGET_NAME)";
				SWIFT_EMIT_LOC_STRINGS = NO;
				SWIFT_VERSION = 5.0;
				TARGETED_DEVICE_FAMILY = "1,2";
				TEST_HOST = "$(BUILT_PRODUCTS_DIR)/iosWork12.app/iosWork12";
			};
			name = Release;
		};
		8FAEBB62278D28E4001D0283 /* Debug */ = {
			isa = XCBuildConfiguration;
			buildSettings = {
				ALWAYS_EMBED_SWIFT_STANDARD_LIBRARIES = YES;
				CODE_SIGN_STYLE = Automatic;
				CURRENT_PROJECT_VERSION = 1;
				GENERATE_INFOPLIST_FILE = YES;
				LD_RUNPATH_SEARCH_PATHS = (
					"$(inherited)",
					"@executable_path/Frameworks",
					"@loader_path/Frameworks",
				);
				MARKETING_VERSION = 1.0;
				PRODUCT_BUNDLE_IDENTIFIER = jp.ac.ecc.ie3a08.iosWork12UITests;
				PRODUCT_NAME = "$(TARGET_NAME)";
				SWIFT_EMIT_LOC_STRINGS = NO;
				SWIFT_VERSION = 5.0;
				TARGETED_DEVICE_FAMILY = "1,2";
				TEST_TARGET_NAME = iosWork12;
			};
			name = Debug;
		};
		8FAEBB63278D28E4001D0283 /* Release */ = {
			isa = XCBuildConfiguration;
			buildSettings = {
				ALWAYS_EMBED_SWIFT_STANDARD_LIBRARIES = YES;
				CODE_SIGN_STYLE = Automatic;
				CURRENT_PROJECT_VERSION = 1;
				GENERATE_INFOPLIST_FILE = YES;
				LD_RUNPATH_SEARCH_PATHS = (
					"$(inherited)",
					"@executable_path/Frameworks",
					"@loader_path/Frameworks",
				);
				MARKETING_VERSION = 1.0;
				PRODUCT_BUNDLE_IDENTIFIER = jp.ac.ecc.ie3a08.iosWork12UITests;
				PRODUCT_NAME = "$(TARGET_NAME)";
				SWIFT_EMIT_LOC_STRINGS = NO;
				SWIFT_VERSION = 5.0;
				TARGETED_DEVICE_FAMILY = "1,2";
				TEST_TARGET_NAME = iosWork12;
			};
			name = Release;
		};
/* End XCBuildConfiguration section */

/* Begin XCConfigurationList section */
		8FAEBB32278D28DD001D0283 /* Build configuration list for PBXProject "iosWork12" */ = {
			isa = XCConfigurationList;
			buildConfigurations = (
				8FAEBB59278D28E4001D0283 /* Debug */,
				8FAEBB5A278D28E4001D0283 /* Release */,
			);
			defaultConfigurationIsVisible = 0;
			defaultConfigurationName = Release;
		};
		8FAEBB5B278D28E4001D0283 /* Build configuration list for PBXNativeTarget "iosWork12" */ = {
			isa = XCConfigurationList;
			buildConfigurations = (
				8FAEBB5C278D28E4001D0283 /* Debug */,
				8FAEBB5D278D28E4001D0283 /* Release */,
			);
			defaultConfigurationIsVisible = 0;
			defaultConfigurationName = Release;
		};
		8FAEBB5E278D28E4001D0283 /* Build configuration list for PBXNativeTarget "iosWork12Tests" */ = {
			isa = XCConfigurationList;
			buildConfigurations = (
				8FAEBB5F278D28E4001D0283 /* Debug */,
				8FAEBB60278D28E4001D0283 /* Release */,
			);
			defaultConfigurationIsVisible = 0;
			defaultConfigurationName = Release;
		};
		8FAEBB61278D28E4001D0283 /* Build configuration list for PBXNativeTarget "iosWork12UITests" */ = {
			isa = XCConfigurationList;
			buildConfigurations = (
				8FAEBB62278D28E4001D0283 /* Debug */,
				8FAEBB63278D28E4001D0283 /* Release */,
			);
			defaultConfigurationIsVisible = 0;
			defaultConfigurationName = Release;
		};
/* End XCConfigurationList section */
	};
	rootObject = 8FAEBB2F278D28DD001D0283 /* Project object */;
}
